{
  "name": "mmm-keyboard",
  "version": "1.0.0",
  "lockfileVersion": 3,
  "requires": true,
  "packages": {
    "": {
      "name": "mmm-keyboard",
      "version": "1.0.0",
      "license": "MIT",
      "dependencies": {
        "simple-keyboard": "^2.27.57",
        "swipe-keyboard": "^2.0.63"
      }
    },
    "node_modules/simple-keyboard": {
      "version": "2.32.131",
      "resolved": "https://registry.npmjs.org/simple-keyboard/-/simple-keyboard-2.32.131.tgz",
      "integrity": "sha512-whGkEL227/sOEu9HKsdHZbbSXdJA0geTuzDusUgKr2vumEKPaaVLXeMHm8kWVBwfuvLTaPrFo3XNpwEHxYLvVw=="
    },
    "node_modules/swipe-keyboard": {
      "version": "2.2.511",
      "resolved": "https://registry.npmjs.org/swipe-keyboard/-/swipe-keyboard-2.2.511.tgz",
      "integrity": "sha512-PETObjsWPFU+MwkI29PxDA+kwHAt0RO4VUc5tCUZvX9SRnTsscfuRe6eIFgHsui+HQrxO/Y6jEmsSdxsJn7/dw=="
    }
  }
}
